// !$*UTF8*$!
{
	archiveVersion = 1;
	classes = {
	};
	objectVersion = 56;
	objects = {

/* Begin PBXBuildFile section */
		37006EDB2BB9AA8B00732EA6 /* biometricsApp.swift in Sources */ = {isa = PBXBuildFile; fileRef = 37006EDA2BB9AA8B00732EA6 /* biometricsApp.swift */; };
		37006EDD2BB9AA8B00732EA6 /* ContentView.swift in Sources */ = {isa = PBXBuildFile; fileRef = 37006EDC2BB9AA8B00732EA6 /* ContentView.swift */; };
		37006EDF2BB9AA8E00732EA6 /* Assets.xcassets in Resources */ = {isa = PBXBuildFile; fileRef = 37006EDE2BB9AA8E00732EA6 /* Assets.xcassets */; };
		37006EE22BB9AA8E00732EA6 /* Preview Assets.xcassets in Resources */ = {isa = PBXBuildFile; fileRef = 37006EE12BB9AA8E00732EA6 /* Preview Assets.xcassets */; };
		37006EEB2BB9AC8700732EA6 /*  Rresources.swift in Sources */ = {isa = PBXBuildFile; fileRef = 37006EEA2BB9AC8700732EA6 /*  Rresources.swift */; };
		37006EED2BB9AEAE00732EA6 /* ViewPicture.swift in Sources */ = {isa = PBXBuildFile; fileRef = 37006EEC2BB9AEAE00732EA6 /* ViewPicture.swift */; };
/* End PBXBuildFile section */

/* Begin PBXFileReference section */
		37006ED72BB9AA8B00732EA6 /* biometrics.app */ = {isa = PBXFileReference; explicitFileType = wrapper.application; includeInIndex = 0; path = biometrics.app; sourceTree = BUILT_PRODUCTS_DIR; };
		37006EDA2BB9AA8B00732EA6 /* biometricsApp.swift */ = {isa = PBXFileReference; lastKnownFileType = sourcecode.swift; path = biometricsApp.swift; sourceTree = "<group>"; };
		37006EDC2BB9AA8B00732EA6 /* ContentView.swift */ = {isa = PBXFileReference; lastKnownFileType = sourcecode.swift; path = ContentView.swift; sourceTree = "<group>"; };
		37006EDE2BB9AA8E00732EA6 /* Assets.xcassets */ = {isa = PBXFileReference; lastKnownFileType = folder.assetcatalog; path = Assets.xcassets; sourceTree = "<group>"; };
		37006EE12BB9AA8E00732EA6 /* Preview Assets.xcassets */ = {isa = PBXFileReference; lastKnownFileType = folder.assetcatalog; path = "Preview Assets.xcassets"; sourceTree = "<group>"; };
		37006EEA2BB9AC8700732EA6 /*  Rresources.swift */ = {isa = PBXFileReference; lastKnownFileType = sourcecode.swift; path = " Rresources.swift"; sourceTree = "<group>"; };
		37006EEC2BB9AEAE00732EA6 /* ViewPicture.swift */ = {isa = PBXFileReference; lastKnownFileType = sourcecode.swift; path = ViewPicture.swift; sourceTree = "<group>"; };
/* End PBXFileReference section */

/* Begin PBXFrameworksBuildPhase section */
		37006ED42BB9AA8B00732EA6 /* Frameworks */ = {
			isa = PBXFrameworksBuildPhase;
			buildActionMask = 2147483647;
			files = (
			);
			runOnlyForDeploymentPostprocessing = 0;
		};
/* End PBXFrameworksBuildPhase section */

/* Begin PBXGroup section */
		37006ECE2BB9AA8B00732EA6 = {
			isa = PBXGroup;
			children = (
				37006ED92BB9AA8B00732EA6 /* biometrics */,
				37006ED82BB9AA8B00732EA6 /* Products */,
			);
			sourceTree = "<group>";
		};
		37006ED82BB9AA8B00732EA6 /* Products */ = {
			isa = PBXGroup;
			children = (
				37006ED72BB9AA8B00732EA6 /* biometrics.app */,
			);
			name = Products;
			sourceTree = "<group>";
		};
		37006ED92BB9AA8B00732EA6 /* biometrics */ = {
			isa = PBXGroup;
			children = (
				37006EE92BB9AC4400732EA6 /*  Resources */,
				37006EDA2BB9AA8B00732EA6 /* biometricsApp.swift */,
				37006EE82BB9ABD400732EA6 /* View */,
				37006EDE2BB9AA8E00732EA6 /* Assets.xcassets */,
				37006EE02BB9AA8E00732EA6 /* Preview Content */,
			);
			path = biometrics;
			sourceTree = "<group>";
		};
		37006EE02BB9AA8E00732EA6 /* Preview Content */ = {
			isa = PBXGroup;
			children = (
				37006EE12BB9AA8E00732EA6 /* Preview Assets.xcassets */,
			);
			path = "Preview Content";
			sourceTree = "<group>";
		};
		37006EE82BB9ABD400732EA6 /* View */ = {
			isa = PBXGroup;
			children = (
				37006EDC2BB9AA8B00732EA6 /* ContentView.swift */,
				37006EEC2BB9AEAE00732EA6 /* ViewPicture.swift */,
			);
			path = View;
			sourceTree = "<group>";
		};
		37006EE92BB9AC4400732EA6 /*  Resources */ = {
			isa = PBXGroup;
			children = (
				37006EEA2BB9AC8700732EA6 /*  Rresources.swift */,
			);
			path = " Resources";
			sourceTree = "<group>";
		};
/* End PBXGroup section */

/* Begin PBXNativeTarget section */
		37006ED62BB9AA8B00732EA6 /* biometrics */ = {
			isa = PBXNativeTarget;
			buildConfigurationList = 37006EE52BB9AA8E00732EA6 /* Build configuration list for PBXNativeTarget "biometrics" */;
			buildPhases = (
				37006ED32BB9AA8B00732EA6 /* Sources */,
				37006ED42BB9AA8B00732EA6 /* Frameworks */,
				37006ED52BB9AA8B00732EA6 /* Resources */,
			);
			buildRules = (
			);
			dependencies = (
			);
			name = biometrics;
			productName = biometrics;
			productReference = 37006ED72BB9AA8B00732EA6 /* biometrics.app */;
			productType = "com.apple.product-type.application";
		};
/* End PBXNativeTarget section */

/* Begin PBXProject section */
		37006ECF2BB9AA8B00732EA6 /* Project object */ = {
			isa = PBXProject;
			attributes = {
				BuildIndependentTargetsInParallel = 1;
				LastSwiftUpdateCheck = 1530;
				LastUpgradeCheck = 1530;
				TargetAttributes = {
					37006ED62BB9AA8B00732EA6 = {
						CreatedOnToolsVersion = 15.3;
					};
				};
			};
			buildConfigurationList = 37006ED22BB9AA8B00732EA6 /* Build configuration list for PBXProject "biometrics" */;
			compatibilityVersion = "Xcode 14.0";
			developmentRegion = en;
			hasScannedForEncodings = 0;
			knownRegions = (
				en,
				Base,
			);
			mainGroup = 37006ECE2BB9AA8B00732EA6;
			productRefGroup = 37006ED82BB9AA8B00732EA6 /* Products */;
			projectDirPath = "";
			projectRoot = "";
			targets = (
				37006ED62BB9AA8B00732EA6 /* biometrics */,
			);
		};
/* End PBXProject section */

/* Begin PBXResourcesBuildPhase section */
		37006ED52BB9AA8B00732EA6 /* Resources */ = {
			isa = PBXResourcesBuildPhase;
			buildActionMask = 2147483647;
			files = (
				37006EE22BB9AA8E00732EA6 /* Preview Assets.xcassets in Resources */,
				37006EDF2BB9AA8E00732EA6 /* Assets.xcassets in Resources */,
			);
			runOnlyForDeploymentPostprocessing = 0;
		};
/* End PBXResourcesBuildPhase section */

/* Begin PBXSourcesBuildPhase section */
		37006ED32BB9AA8B00732EA6 /* Sources */ = {
			isa = PBXSourcesBuildPhase;
			buildActionMask = 2147483647;
			files = (
				37006EDD2BB9AA8B00732EA6 /* ContentView.swift in Sources */,
				37006EDB2BB9AA8B00732EA6 /* biometricsApp.swift in Sources */,
				37006EEB2BB9AC8700732EA6 /*  Rresources.swift in Sources */,
				37006EED2BB9AEAE00732EA6 /* ViewPicture.swift in Sources */,
			);
			runOnlyForDeploymentPostprocessing = 0;
		};
/* End PBXSourcesBuildPhase section */

/* Begin XCBuildConfiguration section */
		37006EE32BB9AA8E00732EA6 /* Debug */ = {
			isa = XCBuildConfiguration;
			buildSettings = {
				ALWAYS_SEARCH_USER_PATHS = NO;
				ASSETCATALOG_COMPILER_GENERATE_SWIFT_ASSET_SYMBOL_EXTENSIONS = YES;
				CLANG_ANALYZER_NONNULL = YES;
				CLANG_ANALYZER_NUMBER_OBJECT_CONVERSION = YES_AGGRESSIVE;
				CLANG_CXX_LANGUAGE_STANDARD = "gnu++20";
				CLANG_ENABLE_MODULES = YES;
				CLANG_ENABLE_OBJC_ARC = YES;
				CLANG_ENABLE_OBJC_WEAK = YES;
				CLANG_WARN_BLOCK_CAPTURE_AUTORELEASING = YES;
				CLANG_WARN_BOOL_CONVERSION = YES;
				CLANG_WARN_COMMA = YES;
				CLANG_WARN_CONSTANT_CONVERSION = YES;
				CLANG_WARN_DEPRECATED_OBJC_IMPLEMENTATIONS = YES;
				CLANG_WARN_DIRECT_OBJC_ISA_USAGE = YES_ERROR;
				CLANG_WARN_DOCUMENTATION_COMMENTS = YES;
				CLANG_WARN_EMPTY_BODY = YES;
				CLANG_WARN_ENUM_CONVERSION = YES;
				CLANG_WARN_INFINITE_RECURSION = YES;
				CLANG_WARN_INT_CONVERSION = YES;
				CLANG_WARN_NON_LITERAL_NULL_CONVERSION = YES;
				CLANG_WARN_OBJC_IMPLICIT_RETAIN_SELF = YES;
				CLANG_WARN_OBJC_LITERAL_CONVERSION = YES;
				CLANG_WARN_OBJC_ROOT_CLASS = YES_ERROR;
				CLANG_WARN_QUOTED_INCLUDE_IN_FRAMEWORK_HEADER = YES;
				CLANG_WARN_RANGE_LOOP_ANALYSIS = YES;
				CLANG_WARN_STRICT_PROTOTYPES = YES;
				CLANG_WARN_SUSPICIOUS_MOVE = YES;
				CLANG_WARN_UNGUARDED_AVAILABILITY = YES_AGGRESSIVE;
				CLANG_WARN_UNREACHABLE_CODE = YES;
				CLANG_WARN__DUPLICATE_METHOD_MATCH = YES;
				COPY_PHASE_STRIP = NO;
				DEBUG_INFORMATION_FORMAT = dwarf;
				ENABLE_STRICT_OBJC_MSGSEND = YES;
				ENABLE_TESTABILITY = YES;
				ENABLE_USER_SCRIPT_SANDBOXING = YES;
				GCC_C_LANGUAGE_STANDARD = gnu17;
				GCC_DYNAMIC_NO_PIC = NO;
				GCC_NO_COMMON_BLOCKS = YES;
				GCC_OPTIMIZATION_LEVEL = 0;
				GCC_PREPROCESSOR_DEFINITIONS = (
					"DEBUG=1",
					"$(inherited)",
				);
				GCC_WARN_64_TO_32_BIT_CONVERSION = YES;
				GCC_WARN_ABOUT_RETURN_TYPE = YES_ERROR;
				GCC_WARN_UNDECLARED_SELECTOR = YES;
				GCC_WARN_UNINITIALIZED_AUTOS = YES_AGGRESSIVE;
				GCC_WARN_UNUSED_FUNCTION = YES;
				GCC_WARN_UNUSED_VARIABLE = YES;
				IPHONEOS_DEPLOYMENT_TARGET = 17.4;
				LOCALIZATION_PREFERS_STRING_CATALOGS = YES;
				MTL_ENABLE_DEBUG_INFO = INCLUDE_SOURCE;
				MTL_FAST_MATH = YES;
				ONLY_ACTIVE_ARCH = YES;
				SDKROOT = iphoneos;
				SWIFT_ACTIVE_COMPILATION_CONDITIONS = "DEBUG $(inherited)";
				SWIFT_OPTIMIZATION_LEVEL = "-Onone";
			};
			name = Debug;
		};
		37006EE42BB9AA8E00732EA6 /* Release */ = {
			isa = XCBuildConfiguration;
			buildSettings = {
				ALWAYS_SEARCH_USER_PATHS = NO;
				ASSETCATALOG_COMPILER_GENERATE_SWIFT_ASSET_SYMBOL_EXTENSIONS = YES;
				CLANG_ANALYZER_NONNULL = YES;
				CLANG_ANALYZER_NUMBER_OBJECT_CONVERSION = YES_AGGRESSIVE;
				CLANG_CXX_LANGUAGE_STANDARD = "gnu++20";
				CLANG_ENABLE_MODULES = YES;
				CLANG_ENABLE_OBJC_ARC = YES;
				CLANG_ENABLE_OBJC_WEAK = YES;
				CLANG_WARN_BLOCK_CAPTURE_AUTORELEASING = YES;
				CLANG_WARN_BOOL_CONVERSION = YES;
				CLANG_WARN_COMMA = YES;
				CLANG_WARN_CONSTANT_CONVERSION = YES;
				CLANG_WARN_DEPRECATED_OBJC_IMPLEMENTATIONS = YES;
				CLANG_WARN_DIRECT_OBJC_ISA_USAGE = YES_ERROR;
				CLANG_WARN_DOCUMENTATION_COMMENTS = YES;
				CLANG_WARN_EMPTY_BODY = YES;
				CLANG_WARN_ENUM_CONVERSION = YES;
				CLANG_WARN_INFINITE_RECURSION = YES;
				CLANG_WARN_INT_CONVERSION = YES;
				CLANG_WARN_NON_LITERAL_NULL_CONVERSION = YES;
				CLANG_WARN_OBJC_IMPLICIT_RETAIN_SELF = YES;
				CLANG_WARN_OBJC_LITERAL_CONVERSION = YES;
				CLANG_WARN_OBJC_ROOT_CLASS = YES_ERROR;
				CLANG_WARN_QUOTED_INCLUDE_IN_FRAMEWORK_HEADER = YES;
				CLANG_WARN_RANGE_LOOP_ANALYSIS = YES;
				CLANG_WARN_STRICT_PROTOTYPES = YES;
				CLANG_WARN_SUSPICIOUS_MOVE = YES;
				CLANG_WARN_UNGUARDED_AVAILABILITY = YES_AGGRESSIVE;
				CLANG_WARN_UNREACHABLE_CODE = YES;
				CLANG_WARN__DUPLICATE_METHOD_MATCH = YES;
				COPY_PHASE_STRIP = NO;
				DEBUG_INFORMATION_FORMAT = "dwarf-with-dsym";
				ENABLE_NS_ASSERTIONS = NO;
				ENABLE_STRICT_OBJC_MSGSEND = YES;
				ENABLE_USER_SCRIPT_SANDBOXING = YES;
				GCC_C_LANGUAGE_STANDARD = gnu17;
				GCC_NO_COMMON_BLOCKS = YES;
				GCC_WARN_64_TO_32_BIT_CONVERSION = YES;
				GCC_WARN_ABOUT_RETURN_TYPE = YES_ERROR;
				GCC_WARN_UNDECLARED_SELECTOR = YES;
				GCC_WARN_UNINITIALIZED_AUTOS = YES_AGGRESSIVE;
				GCC_WARN_UNUSED_FUNCTION = YES;
				GCC_WARN_UNUSED_VARIABLE = YES;
				IPHONEOS_DEPLOYMENT_TARGET = 17.4;
				LOCALIZATION_PREFERS_STRING_CATALOGS = YES;
				MTL_ENABLE_DEBUG_INFO = NO;
				MTL_FAST_MATH = YES;
				SDKROOT = iphoneos;
				SWIFT_COMPILATION_MODE = wholemodule;
				VALIDATE_PRODUCT = YES;
			};
			name = Release;
		};
		37006EE62BB9AA8E00732EA6 /* Debug */ = {
			isa = XCBuildConfiguration;
			buildSettings = {
				ASSETCATALOG_COMPILER_APPICON_NAME = AppIcon;
				ASSETCATALOG_COMPILER_GLOBAL_ACCENT_COLOR_NAME = AccentColor;
				CODE_SIGN_STYLE = Automatic;
				CURRENT_PROJECT_VERSION = 1;
				DEVELOPMENT_ASSET_PATHS = "\"biometrics/Preview Content\"";
				DEVELOPMENT_TEAM = UGQ4YS2NK3;
				ENABLE_PREVIEWS = YES;
				GENERATE_INFOPLIST_FILE = YES;
				INFOPLIST_KEY_NSFaceIDUsageDescription = Application;
				INFOPLIST_KEY_UIApplicationSceneManifest_Generation = YES;
				INFOPLIST_KEY_UIApplicationSupportsIndirectInputEvents = YES;
				INFOPLIST_KEY_UILaunchScreen_Generation = YES;
				INFOPLIST_KEY_UISupportedInterfaceOrientations_iPad = "UIInterfaceOrientationPortrait UIInterfaceOrientationPortraitUpsideDown UIInterfaceOrientationLandscapeLeft UIInterfaceOrientationLandscapeRight";
				INFOPLIST_KEY_UISupportedInterfaceOrientations_iPhone = "UIInterfaceOrientationPortrait UIInterfaceOrientationLandscapeLeft UIInterfaceOrientationLandscapeRight";
				LD_RUNPATH_SEARCH_PATHS = (
					"$(inherited)",
					"@executable_path/Frameworks",
				);
				MARKETING_VERSION = 1.0;
				PRODUCT_BUNDLE_IDENTIFIER = com.titastus.biometrics;
				PRODUCT_NAME = "$(TARGET_NAME)";
				SWIFT_EMIT_LOC_STRINGS = YES;
				SWIFT_VERSION = 5.0;
				TARGETED_DEVICE_FAMILY = "1,2";
			};
			name = Debug;
		};
		37006EE72BB9AA8E00732EA6 /* Release */ = {
			isa = XCBuildConfiguration;
			buildSettings = {
				ASSETCATALOG_COMPILER_APPICON_NAME = AppIcon;
				ASSETCATALOG_COMPILER_GLOBAL_ACCENT_COLOR_NAME = AccentColor;
				CODE_SIGN_STYLE = Automatic;
				CURRENT_PROJECT_VERSION = 1;
				DEVELOPMENT_ASSET_PATHS = "\"biometrics/Preview Content\"";
				DEVELOPMENT_TEAM = UGQ4YS2NK3;
				ENABLE_PREVIEWS = YES;
				GENERATE_INFOPLIST_FILE = YES;
				INFOPLIST_KEY_NSFaceIDUsageDescription = Application;
				INFOPLIST_KEY_UIApplicationSceneManifest_Generation = YES;
				INFOPLIST_KEY_UIApplicationSupportsIndirectInputEvents = YES;
				INFOPLIST_KEY_UILaunchScreen_Generation = YES;
				INFOPLIST_KEY_UISupportedInterfaceOrientations_iPad = "UIInterfaceOrientationPortrait UIInterfaceOrientationPortraitUpsideDown UIInterfaceOrientationLandscapeLeft UIInterfaceOrientationLandscapeRight";
				INFOPLIST_KEY_UISupportedInterfaceOrientations_iPhone = "UIInterfaceOrientationPortrait UIInterfaceOrientationLandscapeLeft UIInterfaceOrientationLandscapeRight";
				LD_RUNPATH_SEARCH_PATHS = (
					"$(inherited)",
					"@executable_path/Frameworks",
				);
				MARKETING_VERSION = 1.0;
				PRODUCT_BUNDLE_IDENTIFIER = com.titastus.biometrics;
				PRODUCT_NAME = "$(TARGET_NAME)";
				SWIFT_EMIT_LOC_STRINGS = YES;
				SWIFT_VERSION = 5.0;
				TARGETED_DEVICE_FAMILY = "1,2";
			};
			name = Release;
		};
/* End XCBuildConfiguration section */

/* Begin XCConfigurationList section */
		37006ED22BB9AA8B00732EA6 /* Build configuration list for PBXProject "biometrics" */ = {
			isa = XCConfigurationList;
			buildConfigurations = (
				37006EE32BB9AA8E00732EA6 /* Debug */,
				37006EE42BB9AA8E00732EA6 /* Release */,
			);
			defaultConfigurationIsVisible = 0;
			defaultConfigurationName = Release;
		};
		37006EE52BB9AA8E00732EA6 /* Build configuration list for PBXNativeTarget "biometrics" */ = {
			isa = XCConfigurationList;
			buildConfigurations = (
				37006EE62BB9AA8E00732EA6 /* Debug */,
				37006EE72BB9AA8E00732EA6 /* Release */,
			);
			defaultConfigurationIsVisible = 0;
			defaultConfigurationName = Release;
		};
/* End XCConfigurationList section */
	};
	rootObject = 37006ECF2BB9AA8B00732EA6 /* Project object */;
}
